
Microsoft Visual Studio Solution File, Format Version 12.00
# Visual Studio Version 16
VisualStudioVersion = 16.0.29613.14
MinimumVisualStudioVersion = 10.0.40219.1
Project("{FAE04EC0-301F-11D3-BF4B-00C04F79EFBC}") = "Practical4", "Practical4.csproj", "{1819A910-1F6F-44A0-A119-1F48C104D4F7}"
EndProject
Project("{FAE04EC0-301F-11D3-BF4B-00C04F79EFBC}") = "Practical5", "..\Practicals\Practical5\Practical5.csproj", "{31517C2B-EAA2-4D9C-8CA7-90A3B4127986}"
EndProject
Project("{FAE04EC0-301F-11D3-BF4B-00C04F79EFBC}") = "Practical6", "..\Practicals\Practical6\Practical6.csproj", "{C5F7C724-E921-4ED0-BAF4-EE5150B9FDF4}"
EndProject
Global
	GlobalSection(SolutionConfigurationPlatforms) = preSolution
		Debug|Any CPU = Debug|Any CPU
		Release|Any CPU = Release|Any CPU
	EndGlobalSection
	GlobalSection(ProjectConfigurationPlatforms) = postSolution
		{1819A910-1F6F-44A0-A119-1F48C104D4F7}.Debug|Any CPU.ActiveCfg = Debug|Any CPU
		{1819A910-1F6F-44A0-A119-1F48C104D4F7}.Debug|Any CPU.Build.0 = Debug|Any CPU
		{1819A910-1F6F-44A0-A119-1F48C104D4F7}.Release|Any CPU.ActiveCfg = Release|Any CPU
		{1819A910-1F6F-44A0-A119-1F48C104D4F7}.Release|Any CPU.Build.0 = Release|Any CPU
		{31517C2B-EAA2-4D9C-8CA7-90A3B4127986}.Debug|Any CPU.ActiveCfg = Debug|Any CPU
		{31517C2B-EAA2-4D9C-8CA7-90A3B4127986}.Debug|Any CPU.Build.0 = Debug|Any CPU
		{31517C2B-EAA2-4D9C-8CA7-90A3B4127986}.Release|Any CPU.ActiveCfg = Release|Any CPU
		{31517C2B-EAA2-4D9C-8CA7-90A3B4127986}.Release|Any CPU.Build.0 = Release|Any CPU
		{C5F7C724-E921-4ED0-BAF4-EE5150B9FDF4}.Debug|Any CPU.ActiveCfg = Debug|Any CPU
		{C5F7C724-E921-4ED0-BAF4-EE5150B9FDF4}.Debug|Any CPU.Build.0 = Debug|Any CPU
		{C5F7C724-E921-4ED0-BAF4-EE5150B9FDF4}.Release|Any CPU.ActiveCfg = Release|Any CPU
		{C5F7C724-E921-4ED0-BAF4-EE5150B9FDF4}.Release|Any CPU.Build.0 = Release|Any CPU
	EndGlobalSection
	GlobalSection(SolutionProperties) = preSolution
		HideSolutionNode = FALSE
	EndGlobalSection
	GlobalSection(ExtensibilityGlobals) = postSolution
		SolutionGuid = {47425CF5-19EF-4EDB-96B6-7C9ADB53AD47}
	EndGlobalSection
EndGlobal
