
Microsoft Visual Studio Solution File, Format Version 12.00
# Visual Studio Version 16
VisualStudioVersion = 16.0.29613.14
MinimumVisualStudioVersion = 10.0.40219.1
Project("{FAE04EC0-301F-11D3-BF4B-00C04F79EFBC}") = "Practical5", "Practical5.csproj", "{31517C2B-EAA2-4D9C-8CA7-90A3B4127986}"
EndProject
Project("{FAE04EC0-301F-11D3-BF4B-00C04F79EFBC}") = "Practical6", "..\Practical6\Practical6.csproj", "{4C98C508-1FFF-4261-A673-C3AE85FB56DA}"
EndProject
Global
	GlobalSection(SolutionConfigurationPlatforms) = preSolution
		Debug|Any CPU = Debug|Any CPU
		Release|Any CPU = Release|Any CPU
	EndGlobalSection
	GlobalSection(ProjectConfigurationPlatforms) = postSolution
		{31517C2B-EAA2-4D9C-8CA7-90A3B4127986}.Debug|Any CPU.ActiveCfg = Debug|Any CPU
		{31517C2B-EAA2-4D9C-8CA7-90A3B4127986}.Debug|Any CPU.Build.0 = Debug|Any CPU
		{31517C2B-EAA2-4D9C-8CA7-90A3B4127986}.Release|Any CPU.ActiveCfg = Release|Any CPU
		{31517C2B-EAA2-4D9C-8CA7-90A3B4127986}.Release|Any CPU.Build.0 = Release|Any CPU
		{4C98C508-1FFF-4261-A673-C3AE85FB56DA}.Debug|Any CPU.ActiveCfg = Debug|Any CPU
		{4C98C508-1FFF-4261-A673-C3AE85FB56DA}.Debug|Any CPU.Build.0 = Debug|Any CPU
		{4C98C508-1FFF-4261-A673-C3AE85FB56DA}.Release|Any CPU.ActiveCfg = Release|Any CPU
		{4C98C508-1FFF-4261-A673-C3AE85FB56DA}.Release|Any CPU.Build.0 = Release|Any CPU
	EndGlobalSection
	GlobalSection(SolutionProperties) = preSolution
		HideSolutionNode = FALSE
	EndGlobalSection
	GlobalSection(ExtensibilityGlobals) = postSolution
		SolutionGuid = {B767B51C-E02D-4EB9-9F8B-473EA88EEE32}
	EndGlobalSection
EndGlobal
